
Microsoft Visual Studio Solution File, Format Version 12.00
# Visual Studio Version 17
VisualStudioVersion = 17.7.34202.233
MinimumVisualStudioVersion = 10.0.40219.1
Project("{9A19103F-16F7-4668-BE54-9A1E7A4F7556}") = "RefactoringToPatterns", "RefactoringToPatterns\RefactoringToPatterns.csproj", "{E0232E6E-E52B-47E3-98FC-95FDF3B364C2}"
EndProject
Global
	GlobalSection(SolutionConfigurationPlatforms) = preSolution
		Debug|Any CPU = Debug|Any CPU
		Release|Any CPU = Release|Any CPU
	EndGlobalSection
	GlobalSection(ProjectConfigurationPlatforms) = postSolution
		{E0232E6E-E52B-47E3-98FC-95FDF3B364C2}.Debug|Any CPU.ActiveCfg = Debug|Any CPU
		{E0232E6E-E52B-47E3-98FC-95FDF3B364C2}.Debug|Any CPU.Build.0 = Debug|Any CPU
		{E0232E6E-E52B-47E3-98FC-95FDF3B364C2}.Release|Any CPU.ActiveCfg = Release|Any CPU
		{E0232E6E-E52B-47E3-98FC-95FDF3B364C2}.Release|Any CPU.Build.0 = Release|Any CPU
	EndGlobalSection
	GlobalSection(SolutionProperties) = preSolution
		HideSolutionNode = FALSE
	EndGlobalSection
	GlobalSection(ExtensibilityGlobals) = postSolution
		SolutionGuid = {143BA045-4A79-4285-B527-92C44714E527}
	EndGlobalSection
EndGlobal
